
Microsoft Visual Studio Solution File, Format Version 12.00
# Visual Studio Version 16
VisualStudioVersion = 16.0.29409.12
MinimumVisualStudioVersion = 10.0.40219.1
Project("{9A19103F-16F7-4668-BE54-9A1E7A4F7556}") = "AwesomeNumbers", "AwesomeNumbers\AwesomeNumbers.csproj", "{A8067F86-E820-4354-9703-6F5AB44D2212}"
EndProject
Project("{9A19103F-16F7-4668-BE54-9A1E7A4F7556}") = "EasterEgg", "EasterEgg\EasterEgg.csproj", "{849C10DA-B774-414F-A0C7-2826B3604F62}"
EndProject
Project("{9A19103F-16F7-4668-BE54-9A1E7A4F7556}") = "BingoGenerator", "BingoGenerator\BingoGenerator.csproj", "{914342A8-7A2E-42E2-BAE9-EF4544F390E5}"
EndProject
Project("{9A19103F-16F7-4668-BE54-9A1E7A4F7556}") = "WrongResults", "WrongResults\WrongResults.csproj", "{88AEEDD6-E4C2-4B90-B062-9465530FBBB9}"
EndProject
Project("{9A19103F-16F7-4668-BE54-9A1E7A4F7556}") = "CircumscribedCircle", "CircumscribedCircle\CircumscribedCircle.csproj", "{ACCD7AD8-E73C-499E-8272-0BA9644F1FBF}"
EndProject
Project("{9A19103F-16F7-4668-BE54-9A1E7A4F7556}") = "Asteroids", "Asteroids\Asteroids.csproj", "{78B849B1-025A-4C42-BE41-D9AADF424C04}"
EndProject
Project("{9A19103F-16F7-4668-BE54-9A1E7A4F7556}") = "Car", "Car\Car.csproj", "{4CF715D6-3BDC-4691-BE38-1FBC93FBCEAD}"
EndProject
Project("{9A19103F-16F7-4668-BE54-9A1E7A4F7556}") = "Logistics", "Logistics\Logistics.csproj", "{D8561F7F-F6F6-42E3-A65F-4F01D1783FAA}"
EndProject
Project("{FAE04EC0-301F-11D3-BF4B-00C04F79EFBC}") = "Mafia", "Mafia\Mafia.csproj", "{30B94A6A-F7CB-45B9-BB31-352196A6886B}"
EndProject
Global
	GlobalSection(SolutionConfigurationPlatforms) = preSolution
		Debug|Any CPU = Debug|Any CPU
		Release|Any CPU = Release|Any CPU
	EndGlobalSection
	GlobalSection(ProjectConfigurationPlatforms) = postSolution
		{A8067F86-E820-4354-9703-6F5AB44D2212}.Debug|Any CPU.ActiveCfg = Debug|Any CPU
		{A8067F86-E820-4354-9703-6F5AB44D2212}.Debug|Any CPU.Build.0 = Debug|Any CPU
		{A8067F86-E820-4354-9703-6F5AB44D2212}.Release|Any CPU.ActiveCfg = Release|Any CPU
		{A8067F86-E820-4354-9703-6F5AB44D2212}.Release|Any CPU.Build.0 = Release|Any CPU
		{849C10DA-B774-414F-A0C7-2826B3604F62}.Debug|Any CPU.ActiveCfg = Debug|Any CPU
		{849C10DA-B774-414F-A0C7-2826B3604F62}.Debug|Any CPU.Build.0 = Debug|Any CPU
		{849C10DA-B774-414F-A0C7-2826B3604F62}.Release|Any CPU.ActiveCfg = Release|Any CPU
		{849C10DA-B774-414F-A0C7-2826B3604F62}.Release|Any CPU.Build.0 = Release|Any CPU
		{914342A8-7A2E-42E2-BAE9-EF4544F390E5}.Debug|Any CPU.ActiveCfg = Debug|Any CPU
		{914342A8-7A2E-42E2-BAE9-EF4544F390E5}.Debug|Any CPU.Build.0 = Debug|Any CPU
		{914342A8-7A2E-42E2-BAE9-EF4544F390E5}.Release|Any CPU.ActiveCfg = Release|Any CPU
		{914342A8-7A2E-42E2-BAE9-EF4544F390E5}.Release|Any CPU.Build.0 = Release|Any CPU
		{88AEEDD6-E4C2-4B90-B062-9465530FBBB9}.Debug|Any CPU.ActiveCfg = Debug|Any CPU
		{88AEEDD6-E4C2-4B90-B062-9465530FBBB9}.Debug|Any CPU.Build.0 = Debug|Any CPU
		{88AEEDD6-E4C2-4B90-B062-9465530FBBB9}.Release|Any CPU.ActiveCfg = Release|Any CPU
		{88AEEDD6-E4C2-4B90-B062-9465530FBBB9}.Release|Any CPU.Build.0 = Release|Any CPU
		{ACCD7AD8-E73C-499E-8272-0BA9644F1FBF}.Debug|Any CPU.ActiveCfg = Debug|Any CPU
		{ACCD7AD8-E73C-499E-8272-0BA9644F1FBF}.Debug|Any CPU.Build.0 = Debug|Any CPU
		{ACCD7AD8-E73C-499E-8272-0BA9644F1FBF}.Release|Any CPU.ActiveCfg = Release|Any CPU
		{ACCD7AD8-E73C-499E-8272-0BA9644F1FBF}.Release|Any CPU.Build.0 = Release|Any CPU
		{78B849B1-025A-4C42-BE41-D9AADF424C04}.Debug|Any CPU.ActiveCfg = Debug|Any CPU
		{78B849B1-025A-4C42-BE41-D9AADF424C04}.Debug|Any CPU.Build.0 = Debug|Any CPU
		{78B849B1-025A-4C42-BE41-D9AADF424C04}.Release|Any CPU.ActiveCfg = Release|Any CPU
		{78B849B1-025A-4C42-BE41-D9AADF424C04}.Release|Any CPU.Build.0 = Release|Any CPU
		{4CF715D6-3BDC-4691-BE38-1FBC93FBCEAD}.Debug|Any CPU.ActiveCfg = Debug|Any CPU
		{4CF715D6-3BDC-4691-BE38-1FBC93FBCEAD}.Debug|Any CPU.Build.0 = Debug|Any CPU
		{4CF715D6-3BDC-4691-BE38-1FBC93FBCEAD}.Release|Any CPU.ActiveCfg = Release|Any CPU
		{4CF715D6-3BDC-4691-BE38-1FBC93FBCEAD}.Release|Any CPU.Build.0 = Release|Any CPU
		{D8561F7F-F6F6-42E3-A65F-4F01D1783FAA}.Debug|Any CPU.ActiveCfg = Debug|Any CPU
		{D8561F7F-F6F6-42E3-A65F-4F01D1783FAA}.Debug|Any CPU.Build.0 = Debug|Any CPU
		{D8561F7F-F6F6-42E3-A65F-4F01D1783FAA}.Release|Any CPU.ActiveCfg = Release|Any CPU
		{D8561F7F-F6F6-42E3-A65F-4F01D1783FAA}.Release|Any CPU.Build.0 = Release|Any CPU
		{30B94A6A-F7CB-45B9-BB31-352196A6886B}.Debug|Any CPU.ActiveCfg = Debug|Any CPU
		{30B94A6A-F7CB-45B9-BB31-352196A6886B}.Debug|Any CPU.Build.0 = Debug|Any CPU
		{30B94A6A-F7CB-45B9-BB31-352196A6886B}.Release|Any CPU.ActiveCfg = Release|Any CPU
		{30B94A6A-F7CB-45B9-BB31-352196A6886B}.Release|Any CPU.Build.0 = Release|Any CPU
	EndGlobalSection
	GlobalSection(SolutionProperties) = preSolution
		HideSolutionNode = FALSE
	EndGlobalSection
	GlobalSection(ExtensibilityGlobals) = postSolution
		SolutionGuid = {DDCABBDE-7DE9-4FF2-BC05-2E5836BF1EAD}
	EndGlobalSection
EndGlobal
