
Microsoft Visual Studio Solution File, Format Version 12.00
# Visual Studio Version 16
VisualStudioVersion = 16.0.29409.12
MinimumVisualStudioVersion = 10.0.40219.1
Project("{FAE04EC0-301F-11D3-BF4B-00C04F79EFBC}") = "Digitivision", "Digitivision\Digitivision.csproj", "{5C741F50-99CA-4965-AC3C-07BC1BD6CEB2}"
EndProject
Project("{FAE04EC0-301F-11D3-BF4B-00C04F79EFBC}") = "Crocs", "Crocs\Crocs.csproj", "{82988576-A3BD-4B0B-961D-B51092B4D6D7}"
EndProject
Project("{FAE04EC0-301F-11D3-BF4B-00C04F79EFBC}") = "Nexus", "Nexus\Nexus.csproj", "{15706AFA-FDB5-4935-B85E-433829F4C3D0}"
EndProject
Project("{FAE04EC0-301F-11D3-BF4B-00C04F79EFBC}") = "Elemelons", "Elemelons\Elemelons.csproj", "{DD8CF4EC-B24D-4711-9F5D-573C6915F098}"
EndProject
Project("{FAE04EC0-301F-11D3-BF4B-00C04F79EFBC}") = "GridVoyage", "GridVoyage\GridVoyage.csproj", "{DACF3709-5DDB-4D49-8074-86713BF7AD3D}"
EndProject
Global
	GlobalSection(SolutionConfigurationPlatforms) = preSolution
		Debug|Any CPU = Debug|Any CPU
		Release|Any CPU = Release|Any CPU
	EndGlobalSection
	GlobalSection(ProjectConfigurationPlatforms) = postSolution
		{5C741F50-99CA-4965-AC3C-07BC1BD6CEB2}.Debug|Any CPU.ActiveCfg = Debug|Any CPU
		{5C741F50-99CA-4965-AC3C-07BC1BD6CEB2}.Debug|Any CPU.Build.0 = Debug|Any CPU
		{5C741F50-99CA-4965-AC3C-07BC1BD6CEB2}.Release|Any CPU.ActiveCfg = Release|Any CPU
		{5C741F50-99CA-4965-AC3C-07BC1BD6CEB2}.Release|Any CPU.Build.0 = Release|Any CPU
		{82988576-A3BD-4B0B-961D-B51092B4D6D7}.Debug|Any CPU.ActiveCfg = Debug|Any CPU
		{82988576-A3BD-4B0B-961D-B51092B4D6D7}.Debug|Any CPU.Build.0 = Debug|Any CPU
		{82988576-A3BD-4B0B-961D-B51092B4D6D7}.Release|Any CPU.ActiveCfg = Release|Any CPU
		{82988576-A3BD-4B0B-961D-B51092B4D6D7}.Release|Any CPU.Build.0 = Release|Any CPU
		{15706AFA-FDB5-4935-B85E-433829F4C3D0}.Debug|Any CPU.ActiveCfg = Debug|Any CPU
		{15706AFA-FDB5-4935-B85E-433829F4C3D0}.Debug|Any CPU.Build.0 = Debug|Any CPU
		{15706AFA-FDB5-4935-B85E-433829F4C3D0}.Release|Any CPU.ActiveCfg = Release|Any CPU
		{15706AFA-FDB5-4935-B85E-433829F4C3D0}.Release|Any CPU.Build.0 = Release|Any CPU
		{DD8CF4EC-B24D-4711-9F5D-573C6915F098}.Debug|Any CPU.ActiveCfg = Debug|Any CPU
		{DD8CF4EC-B24D-4711-9F5D-573C6915F098}.Debug|Any CPU.Build.0 = Debug|Any CPU
		{DD8CF4EC-B24D-4711-9F5D-573C6915F098}.Release|Any CPU.ActiveCfg = Release|Any CPU
		{DD8CF4EC-B24D-4711-9F5D-573C6915F098}.Release|Any CPU.Build.0 = Release|Any CPU
		{DACF3709-5DDB-4D49-8074-86713BF7AD3D}.Debug|Any CPU.ActiveCfg = Debug|Any CPU
		{DACF3709-5DDB-4D49-8074-86713BF7AD3D}.Debug|Any CPU.Build.0 = Debug|Any CPU
		{DACF3709-5DDB-4D49-8074-86713BF7AD3D}.Release|Any CPU.ActiveCfg = Release|Any CPU
		{DACF3709-5DDB-4D49-8074-86713BF7AD3D}.Release|Any CPU.Build.0 = Release|Any CPU
	EndGlobalSection
	GlobalSection(SolutionProperties) = preSolution
		HideSolutionNode = FALSE
	EndGlobalSection
	GlobalSection(ExtensibilityGlobals) = postSolution
		SolutionGuid = {0C2C26E1-7AFC-408C-8304-D7715D54E350}
	EndGlobalSection
EndGlobal
